# This file is automatically @generated by Cargo.
# It is not intended for manual editing.
version = 4

[[package]]
name = "arbitrary"
version = "1.4.2"
source = "registry+https://github.com/rust-lang/crates.io-index"
checksum = "c3d036a3c4ab069c7b410a2ce876bd74808d2d0888a82667669f8e783a898bf1"

[[package]]
name = "honggfuzz"
version = "0.5.62"
source = "registry+https://github.com/rust-lang/crates.io-index"
checksum = "378465388ac845720910efa26a6f46f93d744debe65710b82f0e5310058c6703"
dependencies = [
 "arbitrary",
 "lazy_static",
 "memmap2",
 "rustc_version",
 "semver",
]

[[package]]
name = "lazy_static"
version = "1.5.1"
source = "registry+https://github.com/rust-lang/crates.io-index"
checksum = "20870f649af7073d53e38067b2a84312175d56ea15217e1b15bc83506ec50afb"

[[package]]
name = "libc"
version = "0.2.190"
source = "registry+https://github.com/rust-lang/crates.io-index"
checksum = "ce5d3ddc6d3fa000eb1536d85e147bfe31aacaba692ed6a876f95cb7c855be78"

[[package]]
name = "memmap2"
version = "0.9.11"
source = "registry+https://github.com/rust-lang/crates.io-index"
checksum = "d1219ed1b7f229ee7104d281dd01d6802fe28bb6e95d292942c4daacdeb798c0"
dependencies = [
 "libc",
]

[[package]]
name = "ms-compress"
version = "0.1.1"
dependencies = [
 "ms-compress-ruzstd",
]

[[package]]
name = "ms-compress-fuzz"
version = "0.1.0"
dependencies = [
 "honggfuzz",
 "ms-compress",
]

[[package]]
name = "ms-compress-ruzstd"
version = "0.9.1"
source = "registry+https://github.com/rust-lang/crates.io-index"
checksum = "e3713af486ad3232ebd7bf988bbece755be1dd6848cef701038ada611b88a532"

[[package]]
name = "rustc_version"
version = "0.4.1"
source = "registry+https://github.com/rust-lang/crates.io-index"
checksum = "cfcb3a22ef46e85b45de6ee7e79d063319ebb6594faafcf1c225ea92ab6e9b92"
dependencies = [
 "semver",
]

[[package]]
name = "semver"
version = "1.0.28"
source = "registry+https://github.com/rust-lang/crates.io-index"
checksum = "8a7852d02fc848982e0c167ef163aaff9cd91dc640ba85e263cb1ce46fae51cd"
